# This file is automatically @generated by Cargo.
# It is not intended for manual editing.
version = 4

[[package]]
name = "schiro"
version = "0.1.0"
dependencies = [
 "schiro-ast",
 "schiro-lexer",
 "schiro-parser",
]

[[package]]
name = "schiro-ast"
version = "0.1.0"

[[package]]
name = "schiro-lexer"
version = "0.1.0"

[[package]]
name = "schiro-parser"
version = "0.1.0"
dependencies = [
 "schiro-ast",
 "schiro-lexer",
]
